
Microsoft Visual Studio Solution File, Format Version 12.00
# Visual Studio Version 17
VisualStudioVersion = 17.5.002.0
MinimumVisualStudioVersion = 10.0.40219.1
Project("{9A19103F-16F7-4668-BE54-9A1E7A4F7556}") = "ProjetoIntegrador-Backend", "ProjetoIntegrador-Backend.csproj", "{EE67CCBC-8FDF-4AEF-8644-7A1137AC3E9A}"
EndProject
Global
	GlobalSection(SolutionConfigurationPlatforms) = preSolution
		Debug|Any CPU = Debug|Any CPU
		Release|Any CPU = Release|Any CPU
	EndGlobalSection
	GlobalSection(ProjectConfigurationPlatforms) = postSolution
		{EE67CCBC-8FDF-4AEF-8644-7A1137AC3E9A}.Debug|Any CPU.ActiveCfg = Debug|Any CPU
		{EE67CCBC-8FDF-4AEF-8644-7A1137AC3E9A}.Debug|Any CPU.Build.0 = Debug|Any CPU
		{EE67CCBC-8FDF-4AEF-8644-7A1137AC3E9A}.Release|Any CPU.ActiveCfg = Release|Any CPU
		{EE67CCBC-8FDF-4AEF-8644-7A1137AC3E9A}.Release|Any CPU.Build.0 = Release|Any CPU
	EndGlobalSection
	GlobalSection(SolutionProperties) = preSolution
		HideSolutionNode = FALSE
	EndGlobalSection
	GlobalSection(ExtensibilityGlobals) = postSolution
		SolutionGuid = {7C1459C7-7DDB-4845-AA73-904EA59E380B}
	EndGlobalSection
EndGlobal
